// !$*UTF8*$!
{
	archiveVersion = 1;
	classes = {
	};
	objectVersion = 50;
	objects = {

/* Begin PBXBuildFile section */
		CE0167AE269607BF002DCBC5 /* TabBarController.swift in Sources */ = {isa = PBXBuildFile; fileRef = CE0167AD269607BF002DCBC5 /* TabBarController.swift */; };
		CE894DFF2696C42C00318B67 /* GoogleService-Info.plist in Resources */ = {isa = PBXBuildFile; fileRef = CE894DFE2696C42C00318B67 /* GoogleService-Info.plist */; };
		CEA3039E2695B3980039B7F2 /* AppDelegate.swift in Sources */ = {isa = PBXBuildFile; fileRef = CEA3039D2695B3980039B7F2 /* AppDelegate.swift */; };
		CEA303A02695B3980039B7F2 /* SceneDelegate.swift in Sources */ = {isa = PBXBuildFile; fileRef = CEA3039F2695B3980039B7F2 /* SceneDelegate.swift */; };
		CEA303A52695B3980039B7F2 /* Main.storyboard in Resources */ = {isa = PBXBuildFile; fileRef = CEA303A32695B3980039B7F2 /* Main.storyboard */; };
		CEA303A72695B39A0039B7F2 /* Assets.xcassets in Resources */ = {isa = PBXBuildFile; fileRef = CEA303A62695B39A0039B7F2 /* Assets.xcassets */; };
		CEA303AA2695B39A0039B7F2 /* LaunchScreen.storyboard in Resources */ = {isa = PBXBuildFile; fileRef = CEA303A82695B39A0039B7F2 /* LaunchScreen.storyboard */; };
		CEA303B42695D1A80039B7F2 /* LoginViewController.swift in Sources */ = {isa = PBXBuildFile; fileRef = CEA303B32695D1A80039B7F2 /* LoginViewController.swift */; };
		CEA303B72695D2270039B7F2 /* HomeViewController.swift in Sources */ = {isa = PBXBuildFile; fileRef = CEA303B62695D2270039B7F2 /* HomeViewController.swift */; };
		CEA303BA2695D23E0039B7F2 /* ImageSelectViewController.swift in Sources */ = {isa = PBXBuildFile; fileRef = CEA303B92695D23E0039B7F2 /* ImageSelectViewController.swift */; };
		CEA303BD2695D2540039B7F2 /* PostViewController.swift in Sources */ = {isa = PBXBuildFile; fileRef = CEA303BC2695D2540039B7F2 /* PostViewController.swift */; };
		CEA303C02695D27A0039B7F2 /* SettingViewController.swift in Sources */ = {isa = PBXBuildFile; fileRef = CEA303BF2695D27A0039B7F2 /* SettingViewController.swift */; };
		E5276C2EDA393C03811CE9DD /* Pods_Instagram.framework in Frameworks */ = {isa = PBXBuildFile; fileRef = C88800EAC6F7D449C724332E /* Pods_Instagram.framework */; };
/* End PBXBuildFile section */

/* Begin PBXFileReference section */
		3A3F7C70C364A01E2E600CF4 /* Pods-Instagram.release.xcconfig */ = {isa = PBXFileReference; includeInIndex = 1; lastKnownFileType = text.xcconfig; name = "Pods-Instagram.release.xcconfig"; path = "Target Support Files/Pods-Instagram/Pods-Instagram.release.xcconfig"; sourceTree = "<group>"; };
		ACE4285A81D6F35B6ADCBDBE /* Pods-Instagram.debug.xcconfig */ = {isa = PBXFileReference; includeInIndex = 1; lastKnownFileType = text.xcconfig; name = "Pods-Instagram.debug.xcconfig"; path = "Target Support Files/Pods-Instagram/Pods-Instagram.debug.xcconfig"; sourceTree = "<group>"; };
		C88800EAC6F7D449C724332E /* Pods_Instagram.framework */ = {isa = PBXFileReference; explicitFileType = wrapper.framework; includeInIndex = 0; path = Pods_Instagram.framework; sourceTree = BUILT_PRODUCTS_DIR; };
		CE0167AD269607BF002DCBC5 /* TabBarController.swift */ = {isa = PBXFileReference; lastKnownFileType = sourcecode.swift; path = TabBarController.swift; sourceTree = "<group>"; };
		CE894DFE2696C42C00318B67 /* GoogleService-Info.plist */ = {isa = PBXFileReference; fileEncoding = 4; lastKnownFileType = text.plist.xml; path = "GoogleService-Info.plist"; sourceTree = "<group>"; };
		CEA3039A2695B3980039B7F2 /* Instagram.app */ = {isa = PBXFileReference; explicitFileType = wrapper.application; includeInIndex = 0; path = Instagram.app; sourceTree = BUILT_PRODUCTS_DIR; };
		CEA3039D2695B3980039B7F2 /* AppDelegate.swift */ = {isa = PBXFileReference; lastKnownFileType = sourcecode.swift; path = AppDelegate.swift; sourceTree = "<group>"; };
		CEA3039F2695B3980039B7F2 /* SceneDelegate.swift */ = {isa = PBXFileReference; lastKnownFileType = sourcecode.swift; path = SceneDelegate.swift; sourceTree = "<group>"; };
		CEA303A42695B3980039B7F2 /* Base */ = {isa = PBXFileReference; lastKnownFileType = file.storyboard; name = Base; path = Base.lproj/Main.storyboard; sourceTree = "<group>"; };
		CEA303A62695B39A0039B7F2 /* Assets.xcassets */ = {isa = PBXFileReference; lastKnownFileType = folder.assetcatalog; path = Assets.xcassets; sourceTree = "<group>"; };
		CEA303A92695B39A0039B7F2 /* Base */ = {isa = PBXFileReference; lastKnownFileType = file.storyboard; name = Base; path = Base.lproj/LaunchScreen.storyboard; sourceTree = "<group>"; };
		CEA303AB2695B39A0039B7F2 /* Info.plist */ = {isa = PBXFileReference; lastKnownFileType = text.plist.xml; path = Info.plist; sourceTree = "<group>"; };
		CEA303B32695D1A80039B7F2 /* LoginViewController.swift */ = {isa = PBXFileReference; lastKnownFileType = sourcecode.swift; path = LoginViewController.swift; sourceTree = "<group>"; };
		CEA303B62695D2270039B7F2 /* HomeViewController.swift */ = {isa = PBXFileReference; lastKnownFileType = sourcecode.swift; path = HomeViewController.swift; sourceTree = "<group>"; };
		CEA303B92695D23E0039B7F2 /* ImageSelectViewController.swift */ = {isa = PBXFileReference; lastKnownFileType = sourcecode.swift; path = ImageSelectViewController.swift; sourceTree = "<group>"; };
		CEA303BC2695D2540039B7F2 /* PostViewController.swift */ = {isa = PBXFileReference; lastKnownFileType = sourcecode.swift; path = PostViewController.swift; sourceTree = "<group>"; };
		CEA303BF2695D27A0039B7F2 /* SettingViewController.swift */ = {isa = PBXFileReference; lastKnownFileType = sourcecode.swift; path = SettingViewController.swift; sourceTree = "<group>"; };
/* End PBXFileReference section */

/* Begin PBXFrameworksBuildPhase section */
		CEA303972695B3980039B7F2 /* Frameworks */ = {
			isa = PBXFrameworksBuildPhase;
			buildActionMask = 2147483647;
			files = (
				E5276C2EDA393C03811CE9DD /* Pods_Instagram.framework in Frameworks */,
			);
			runOnlyForDeploymentPostprocessing = 0;
		};
/* End PBXFrameworksBuildPhase section */

/* Begin PBXGroup section */
		15AADFCBAFDA51F4D22B6C5B /* Frameworks */ = {
			isa = PBXGroup;
			children = (
				C88800EAC6F7D449C724332E /* Pods_Instagram.framework */,
			);
			name = Frameworks;
			sourceTree = "<group>";
		};
		23AB6C66F37BD7AD7B56BFF5 /* Pods */ = {
			isa = PBXGroup;
			children = (
				ACE4285A81D6F35B6ADCBDBE /* Pods-Instagram.debug.xcconfig */,
				3A3F7C70C364A01E2E600CF4 /* Pods-Instagram.release.xcconfig */,
			);
			name = Pods;
			path = Pods;
			sourceTree = "<group>";
		};
		CEA303912695B3980039B7F2 = {
			isa = PBXGroup;
			children = (
				CEA3039C2695B3980039B7F2 /* Instagram */,
				CEA3039B2695B3980039B7F2 /* Products */,
				23AB6C66F37BD7AD7B56BFF5 /* Pods */,
				15AADFCBAFDA51F4D22B6C5B /* Frameworks */,
			);
			sourceTree = "<group>";
		};
		CEA3039B2695B3980039B7F2 /* Products */ = {
			isa = PBXGroup;
			children = (
				CEA3039A2695B3980039B7F2 /* Instagram.app */,
			);
			name = Products;
			sourceTree = "<group>";
		};
		CEA3039C2695B3980039B7F2 /* Instagram */ = {
			isa = PBXGroup;
			children = (
				CEA3039D2695B3980039B7F2 /* AppDelegate.swift */,
				CEA3039F2695B3980039B7F2 /* SceneDelegate.swift */,
				CEA303B32695D1A80039B7F2 /* LoginViewController.swift */,
				CEA303B62695D2270039B7F2 /* HomeViewController.swift */,
				CEA303B92695D23E0039B7F2 /* ImageSelectViewController.swift */,
				CEA303BC2695D2540039B7F2 /* PostViewController.swift */,
				CEA303BF2695D27A0039B7F2 /* SettingViewController.swift */,
				CEA303A32695B3980039B7F2 /* Main.storyboard */,
				CE0167AD269607BF002DCBC5 /* TabBarController.swift */,
				CEA303A62695B39A0039B7F2 /* Assets.xcassets */,
				CEA303A82695B39A0039B7F2 /* LaunchScreen.storyboard */,
				CEA303AB2695B39A0039B7F2 /* Info.plist */,
				CE894DFE2696C42C00318B67 /* GoogleService-Info.plist */,
			);
			path = Instagram;
			sourceTree = "<group>";
		};
/* End PBXGroup section */

/* Begin PBXNativeTarget section */
		CEA303992695B3980039B7F2 /* Instagram */ = {
			isa = PBXNativeTarget;
			buildConfigurationList = CEA303AE2695B39A0039B7F2 /* Build configuration list for PBXNativeTarget "Instagram" */;
			buildPhases = (
				3B2ED50C1E9CEF0BCD53576B /* [CP] Check Pods Manifest.lock */,
				CEA303962695B3980039B7F2 /* Sources */,
				CEA303972695B3980039B7F2 /* Frameworks */,
				CEA303982695B3980039B7F2 /* Resources */,
				2C02A10D423FDAC9C2061358 /* [CP] Embed Pods Frameworks */,
			);
			buildRules = (
			);
			dependencies = (
			);
			name = Instagram;
			productName = Instagram;
			productReference = CEA3039A2695B3980039B7F2 /* Instagram.app */;
			productType = "com.apple.product-type.application";
		};
/* End PBXNativeTarget section */

/* Begin PBXProject section */
		CEA303922695B3980039B7F2 /* Project object */ = {
			isa = PBXProject;
			attributes = {
				LastSwiftUpdateCheck = 1220;
				LastUpgradeCheck = 1220;
				TargetAttributes = {
					CEA303992695B3980039B7F2 = {
						CreatedOnToolsVersion = 12.2;
					};
				};
			};
			buildConfigurationList = CEA303952695B3980039B7F2 /* Build configuration list for PBXProject "Instagram" */;
			compatibilityVersion = "Xcode 9.3";
			developmentRegion = en;
			hasScannedForEncodings = 0;
			knownRegions = (
				en,
				Base,
			);
			mainGroup = CEA303912695B3980039B7F2;
			productRefGroup = CEA3039B2695B3980039B7F2 /* Products */;
			projectDirPath = "";
			projectRoot = "";
			targets = (
				CEA303992695B3980039B7F2 /* Instagram */,
			);
		};
/* End PBXProject section */

/* Begin PBXResourcesBuildPhase section */
		CEA303982695B3980039B7F2 /* Resources */ = {
			isa = PBXResourcesBuildPhase;
			buildActionMask = 2147483647;
			files = (
				CEA303AA2695B39A0039B7F2 /* LaunchScreen.storyboard in Resources */,
				CE894DFF2696C42C00318B67 /* GoogleService-Info.plist in Resources */,
				CEA303A72695B39A0039B7F2 /* Assets.xcassets in Resources */,
				CEA303A52695B3980039B7F2 /* Main.storyboard in Resources */,
			);
			runOnlyForDeploymentPostprocessing = 0;
		};
/* End PBXResourcesBuildPhase section */

/* Begin PBXShellScriptBuildPhase section */
		2C02A10D423FDAC9C2061358 /* [CP] Embed Pods Frameworks */ = {
			isa = PBXShellScriptBuildPhase;
			buildActionMask = 2147483647;
			files = (
			);
			inputFileListPaths = (
				"${PODS_ROOT}/Target Support Files/Pods-Instagram/Pods-Instagram-frameworks-${CONFIGURATION}-input-files.xcfilelist",
			);
			name = "[CP] Embed Pods Frameworks";
			outputFileListPaths = (
				"${PODS_ROOT}/Target Support Files/Pods-Instagram/Pods-Instagram-frameworks-${CONFIGURATION}-output-files.xcfilelist",
			);
			runOnlyForDeploymentPostprocessing = 0;
			shellPath = /bin/sh;
			shellScript = "\"${PODS_ROOT}/Target Support Files/Pods-Instagram/Pods-Instagram-frameworks.sh\"\n";
			showEnvVarsInLog = 0;
		};
		3B2ED50C1E9CEF0BCD53576B /* [CP] Check Pods Manifest.lock */ = {
			isa = PBXShellScriptBuildPhase;
			buildActionMask = 2147483647;
			files = (
			);
			inputFileListPaths = (
			);
			inputPaths = (
				"${PODS_PODFILE_DIR_PATH}/Podfile.lock",
				"${PODS_ROOT}/Manifest.lock",
			);
			name = "[CP] Check Pods Manifest.lock";
			outputFileListPaths = (
			);
			outputPaths = (
				"$(DERIVED_FILE_DIR)/Pods-Instagram-checkManifestLockResult.txt",
			);
			runOnlyForDeploymentPostprocessing = 0;
			shellPath = /bin/sh;
			shellScript = "diff \"${PODS_PODFILE_DIR_PATH}/Podfile.lock\" \"${PODS_ROOT}/Manifest.lock\" > /dev/null\nif [ $? != 0 ] ; then\n    # print error to STDERR\n    echo \"error: The sandbox is not in sync with the Podfile.lock. Run 'pod install' or update your CocoaPods installation.\" >&2\n    exit 1\nfi\n# This output is used by Xcode 'outputs' to avoid re-running this script phase.\necho \"SUCCESS\" > \"${SCRIPT_OUTPUT_FILE_0}\"\n";
			showEnvVarsInLog = 0;
		};
/* End PBXShellScriptBuildPhase section */

/* Begin PBXSourcesBuildPhase section */
		CEA303962695B3980039B7F2 /* Sources */ = {
			isa = PBXSourcesBuildPhase;
			buildActionMask = 2147483647;
			files = (
				CEA303BA2695D23E0039B7F2 /* ImageSelectViewController.swift in Sources */,
				CE0167AE269607BF002DCBC5 /* TabBarController.swift in Sources */,
				CEA303B72695D2270039B7F2 /* HomeViewController.swift in Sources */,
				CEA303BD2695D2540039B7F2 /* PostViewController.swift in Sources */,
				CEA303C02695D27A0039B7F2 /* SettingViewController.swift in Sources */,
				CEA303B42695D1A80039B7F2 /* LoginViewController.swift in Sources */,
				CEA3039E2695B3980039B7F2 /* AppDelegate.swift in Sources */,
				CEA303A02695B3980039B7F2 /* SceneDelegate.swift in Sources */,
			);
			runOnlyForDeploymentPostprocessing = 0;
		};
/* End PBXSourcesBuildPhase section */

/* Begin PBXVariantGroup section */
		CEA303A32695B3980039B7F2 /* Main.storyboard */ = {
			isa = PBXVariantGroup;
			children = (
				CEA303A42695B3980039B7F2 /* Base */,
			);
			name = Main.storyboard;
			sourceTree = "<group>";
		};
		CEA303A82695B39A0039B7F2 /* LaunchScreen.storyboard */ = {
			isa = PBXVariantGroup;
			children = (
				CEA303A92695B39A0039B7F2 /* Base */,
			);
			name = LaunchScreen.storyboard;
			sourceTree = "<group>";
		};
/* End PBXVariantGroup section */

/* Begin XCBuildConfiguration section */
		CEA303AC2695B39A0039B7F2 /* Debug */ = {
			isa = XCBuildConfiguration;
			buildSettings = {
				ALWAYS_SEARCH_USER_PATHS = NO;
				CLANG_ANALYZER_NONNULL = YES;
				CLANG_ANALYZER_NUMBER_OBJECT_CONVERSION = YES_AGGRESSIVE;
				CLANG_CXX_LANGUAGE_STANDARD = "gnu++14";
				CLANG_CXX_LIBRARY = "libc++";
				CLANG_ENABLE_MODULES = YES;
				CLANG_ENABLE_OBJC_ARC = YES;
				CLANG_ENABLE_OBJC_WEAK = YES;
				CLANG_WARN_BLOCK_CAPTURE_AUTORELEASING = YES;
				CLANG_WARN_BOOL_CONVERSION = YES;
				CLANG_WARN_COMMA = YES;
				CLANG_WARN_CONSTANT_CONVERSION = YES;
				CLANG_WARN_DEPRECATED_OBJC_IMPLEMENTATIONS = YES;
				CLANG_WARN_DIRECT_OBJC_ISA_USAGE = YES_ERROR;
				CLANG_WARN_DOCUMENTATION_COMMENTS = YES;
				CLANG_WARN_EMPTY_BODY = YES;
				CLANG_WARN_ENUM_CONVERSION = YES;
				CLANG_WARN_INFINITE_RECURSION = YES;
				CLANG_WARN_INT_CONVERSION = YES;
				CLANG_WARN_NON_LITERAL_NULL_CONVERSION = YES;
				CLANG_WARN_OBJC_IMPLICIT_RETAIN_SELF = YES;
				CLANG_WARN_OBJC_LITERAL_CONVERSION = YES;
				CLANG_WARN_OBJC_ROOT_CLASS = YES_ERROR;
				CLANG_WARN_QUOTED_INCLUDE_IN_FRAMEWORK_HEADER = YES;
				CLANG_WARN_RANGE_LOOP_ANALYSIS = YES;
				CLANG_WARN_STRICT_PROTOTYPES = YES;
				CLANG_WARN_SUSPICIOUS_MOVE = YES;
				CLANG_WARN_UNGUARDED_AVAILABILITY = YES_AGGRESSIVE;
				CLANG_WARN_UNREACHABLE_CODE = YES;
				CLANG_WARN__DUPLICATE_METHOD_MATCH = YES;
				COPY_PHASE_STRIP = NO;
				DEBUG_INFORMATION_FORMAT = dwarf;
				ENABLE_STRICT_OBJC_MSGSEND = YES;
				ENABLE_TESTABILITY = YES;
				GCC_C_LANGUAGE_STANDARD = gnu11;
				GCC_DYNAMIC_NO_PIC = NO;
				GCC_NO_COMMON_BLOCKS = YES;
				GCC_OPTIMIZATION_LEVEL = 0;
				GCC_PREPROCESSOR_DEFINITIONS = (
					"DEBUG=1",
					"$(inherited)",
				);
				GCC_WARN_64_TO_32_BIT_CONVERSION = YES;
				GCC_WARN_ABOUT_RETURN_TYPE = YES_ERROR;
				GCC_WARN_UNDECLARED_SELECTOR = YES;
				GCC_WARN_UNINITIALIZED_AUTOS = YES_AGGRESSIVE;
				GCC_WARN_UNUSED_FUNCTION = YES;
				GCC_WARN_UNUSED_VARIABLE = YES;
				IPHONEOS_DEPLOYMENT_TARGET = 14.2;
				MTL_ENABLE_DEBUG_INFO = INCLUDE_SOURCE;
				MTL_FAST_MATH = YES;
				ONLY_ACTIVE_ARCH = YES;
				SDKROOT = iphoneos;
				SWIFT_ACTIVE_COMPILATION_CONDITIONS = DEBUG;
				SWIFT_OPTIMIZATION_LEVEL = "-Onone";
			};
			name = Debug;
		};
		CEA303AD2695B39A0039B7F2 /* Release */ = {
			isa = XCBuildConfiguration;
			buildSettings = {
				ALWAYS_SEARCH_USER_PATHS = NO;
				CLANG_ANALYZER_NONNULL = YES;
				CLANG_ANALYZER_NUMBER_OBJECT_CONVERSION = YES_AGGRESSIVE;
				CLANG_CXX_LANGUAGE_STANDARD = "gnu++14";
				CLANG_CXX_LIBRARY = "libc++";
				CLANG_ENABLE_MODULES = YES;
				CLANG_ENABLE_OBJC_ARC = YES;
				CLANG_ENABLE_OBJC_WEAK = YES;
				CLANG_WARN_BLOCK_CAPTURE_AUTORELEASING = YES;
				CLANG_WARN_BOOL_CONVERSION = YES;
				CLANG_WARN_COMMA = YES;
				CLANG_WARN_CONSTANT_CONVERSION = YES;
				CLANG_WARN_DEPRECATED_OBJC_IMPLEMENTATIONS = YES;
				CLANG_WARN_DIRECT_OBJC_ISA_USAGE = YES_ERROR;
				CLANG_WARN_DOCUMENTATION_COMMENTS = YES;
				CLANG_WARN_EMPTY_BODY = YES;
				CLANG_WARN_ENUM_CONVERSION = YES;
				CLANG_WARN_INFINITE_RECURSION = YES;
				CLANG_WARN_INT_CONVERSION = YES;
				CLANG_WARN_NON_LITERAL_NULL_CONVERSION = YES;
				CLANG_WARN_OBJC_IMPLICIT_RETAIN_SELF = YES;
				CLANG_WARN_OBJC_LITERAL_CONVERSION = YES;
				CLANG_WARN_OBJC_ROOT_CLASS = YES_ERROR;
				CLANG_WARN_QUOTED_INCLUDE_IN_FRAMEWORK_HEADER = YES;
				CLANG_WARN_RANGE_LOOP_ANALYSIS = YES;
				CLANG_WARN_STRICT_PROTOTYPES = YES;
				CLANG_WARN_SUSPICIOUS_MOVE = YES;
				CLANG_WARN_UNGUARDED_AVAILABILITY = YES_AGGRESSIVE;
				CLANG_WARN_UNREACHABLE_CODE = YES;
				CLANG_WARN__DUPLICATE_METHOD_MATCH = YES;
				COPY_PHASE_STRIP = NO;
				DEBUG_INFORMATION_FORMAT = "dwarf-with-dsym";
				ENABLE_NS_ASSERTIONS = NO;
				ENABLE_STRICT_OBJC_MSGSEND = YES;
				GCC_C_LANGUAGE_STANDARD = gnu11;
				GCC_NO_COMMON_BLOCKS = YES;
				GCC_WARN_64_TO_32_BIT_CONVERSION = YES;
				GCC_WARN_ABOUT_RETURN_TYPE = YES_ERROR;
				GCC_WARN_UNDECLARED_SELECTOR = YES;
				GCC_WARN_UNINITIALIZED_AUTOS = YES_AGGRESSIVE;
				GCC_WARN_UNUSED_FUNCTION = YES;
				GCC_WARN_UNUSED_VARIABLE = YES;
				IPHONEOS_DEPLOYMENT_TARGET = 14.2;
				MTL_ENABLE_DEBUG_INFO = NO;
				MTL_FAST_MATH = YES;
				SDKROOT = iphoneos;
				SWIFT_COMPILATION_MODE = wholemodule;
				SWIFT_OPTIMIZATION_LEVEL = "-O";
				VALIDATE_PRODUCT = YES;
			};
			name = Release;
		};
		CEA303AF2695B39A0039B7F2 /* Debug */ = {
			isa = XCBuildConfiguration;
			baseConfigurationReference = ACE4285A81D6F35B6ADCBDBE /* Pods-Instagram.debug.xcconfig */;
			buildSettings = {
				ASSETCATALOG_COMPILER_APPICON_NAME = AppIcon;
				ASSETCATALOG_COMPILER_GLOBAL_ACCENT_COLOR_NAME = AccentColor;
				CODE_SIGN_STYLE = Automatic;
				DEVELOPMENT_TEAM = B498LM2CSD;
				INFOPLIST_FILE = Instagram/Info.plist;
				LD_RUNPATH_SEARCH_PATHS = (
					"$(inherited)",
					"@executable_path/Frameworks",
				);
				PRODUCT_BUNDLE_IDENTIFIER = jp.techacademy.yatsushi00.Instagram;
				PRODUCT_NAME = "$(TARGET_NAME)";
				SWIFT_VERSION = 5.0;
				TARGETED_DEVICE_FAMILY = "1,2";
			};
			name = Debug;
		};
		CEA303B02695B39A0039B7F2 /* Release */ = {
			isa = XCBuildConfiguration;
			baseConfigurationReference = 3A3F7C70C364A01E2E600CF4 /* Pods-Instagram.release.xcconfig */;
			buildSettings = {
				ASSETCATALOG_COMPILER_APPICON_NAME = AppIcon;
				ASSETCATALOG_COMPILER_GLOBAL_ACCENT_COLOR_NAME = AccentColor;
				CODE_SIGN_STYLE = Automatic;
				DEVELOPMENT_TEAM = B498LM2CSD;
				INFOPLIST_FILE = Instagram/Info.plist;
				LD_RUNPATH_SEARCH_PATHS = (
					"$(inherited)",
					"@executable_path/Frameworks",
				);
				PRODUCT_BUNDLE_IDENTIFIER = jp.techacademy.yatsushi00.Instagram;
				PRODUCT_NAME = "$(TARGET_NAME)";
				SWIFT_VERSION = 5.0;
				TARGETED_DEVICE_FAMILY = "1,2";
			};
			name = Release;
		};
/* End XCBuildConfiguration section */

/* Begin XCConfigurationList section */
		CEA303952695B3980039B7F2 /* Build configuration list for PBXProject "Instagram" */ = {
			isa = XCConfigurationList;
			buildConfigurations = (
				CEA303AC2695B39A0039B7F2 /* Debug */,
				CEA303AD2695B39A0039B7F2 /* Release */,
			);
			defaultConfigurationIsVisible = 0;
			defaultConfigurationName = Release;
		};
		CEA303AE2695B39A0039B7F2 /* Build configuration list for PBXNativeTarget "Instagram" */ = {
			isa = XCConfigurationList;
			buildConfigurations = (
				CEA303AF2695B39A0039B7F2 /* Debug */,
				CEA303B02695B39A0039B7F2 /* Release */,
			);
			defaultConfigurationIsVisible = 0;
			defaultConfigurationName = Release;
		};
/* End XCConfigurationList section */
	};
	rootObject = CEA303922695B3980039B7F2 /* Project object */;
}
